
Microsoft Visual Studio Solution File, Format Version 12.00
# Visual Studio Version 17
VisualStudioVersion = 17.8.34511.84
MinimumVisualStudioVersion = 10.0.40219.1
Project("{FAE04EC0-301F-11D3-BF4B-00C04F79EFBC}") = "Vitals.WebApi", "Vitals.WebApi\Vitals.WebApi.csproj", "{31665365-1644-4A9D-80C6-A464DEDE8518}"
EndProject
Global
	GlobalSection(SolutionConfigurationPlatforms) = preSolution
		Debug|Any CPU = Debug|Any CPU
		Release|Any CPU = Release|Any CPU
	EndGlobalSection
	GlobalSection(ProjectConfigurationPlatforms) = postSolution
		{31665365-1644-4A9D-80C6-A464DEDE8518}.Debug|Any CPU.ActiveCfg = Debug|Any CPU
		{31665365-1644-4A9D-80C6-A464DEDE8518}.Debug|Any CPU.Build.0 = Debug|Any CPU
		{31665365-1644-4A9D-80C6-A464DEDE8518}.Release|Any CPU.ActiveCfg = Release|Any CPU
		{31665365-1644-4A9D-80C6-A464DEDE8518}.Release|Any CPU.Build.0 = Release|Any CPU
	EndGlobalSection
	GlobalSection(SolutionProperties) = preSolution
		HideSolutionNode = FALSE
	EndGlobalSection
	GlobalSection(ExtensibilityGlobals) = postSolution
		SolutionGuid = {E6848DCF-CA4D-4A04-B119-172A9F90D1EE}
	EndGlobalSection
EndGlobal
